
Microsoft Visual Studio Solution File, Format Version 12.00
# Visual Studio 14
VisualStudioVersion = 14.0.25420.1
MinimumVisualStudioVersion = 10.0.40219.1
Project("{FAE04EC0-301F-11D3-BF4B-00C04F79EFBC}") = "WPFServer", "WPFServer\WPFServer.csproj", "{57821500-7C57-40BE-98EE-CEE142D5B5D4}"
EndProject
Project("{FAE04EC0-301F-11D3-BF4B-00C04F79EFBC}") = "WPFClient", "WPFClient\WPFClient.csproj", "{47CFC785-3D40-4FC7-930F-3115665D9AD4}"
EndProject
Global
	GlobalSection(SolutionConfigurationPlatforms) = preSolution
		Debug|Any CPU = Debug|Any CPU
		Release|Any CPU = Release|Any CPU
	EndGlobalSection
	GlobalSection(ProjectConfigurationPlatforms) = postSolution
		{57821500-7C57-40BE-98EE-CEE142D5B5D4}.Debug|Any CPU.ActiveCfg = Debug|Any CPU
		{57821500-7C57-40BE-98EE-CEE142D5B5D4}.Debug|Any CPU.Build.0 = Debug|Any CPU
		{57821500-7C57-40BE-98EE-CEE142D5B5D4}.Release|Any CPU.ActiveCfg = Release|Any CPU
		{57821500-7C57-40BE-98EE-CEE142D5B5D4}.Release|Any CPU.Build.0 = Release|Any CPU
		{47CFC785-3D40-4FC7-930F-3115665D9AD4}.Debug|Any CPU.ActiveCfg = Debug|Any CPU
		{47CFC785-3D40-4FC7-930F-3115665D9AD4}.Debug|Any CPU.Build.0 = Debug|Any CPU
		{47CFC785-3D40-4FC7-930F-3115665D9AD4}.Release|Any CPU.ActiveCfg = Release|Any CPU
		{47CFC785-3D40-4FC7-930F-3115665D9AD4}.Release|Any CPU.Build.0 = Release|Any CPU
	EndGlobalSection
	GlobalSection(SolutionProperties) = preSolution
		HideSolutionNode = FALSE
	EndGlobalSection
EndGlobal
